// !$*UTF8*$!
{
	archiveVersion = 1;
	classes = {
	};
	objectVersion = 56;
	objects = {

/* Begin PBXBuildFile section */
		40017EEC29184EB400D93466 /* ItemCell.swift in Sources */ = {isa = PBXBuildFile; fileRef = 40017EEB29184EB400D93466 /* ItemCell.swift */; };
		40017EEE2918508500D93466 /* UICollectionViewCell+Extension.swift in Sources */ = {isa = PBXBuildFile; fileRef = 40017EED2918508500D93466 /* UICollectionViewCell+Extension.swift */; };
		40017EF8291869C100D93466 /* HeaderView.swift in Sources */ = {isa = PBXBuildFile; fileRef = 40017EF7291869C100D93466 /* HeaderView.swift */; };
		40017EFA2918743A00D93466 /* UIImage+Extension.swift in Sources */ = {isa = PBXBuildFile; fileRef = 40017EF92918743A00D93466 /* UIImage+Extension.swift */; };
		40017EFC2918749200D93466 /* Optional+Extension.swift in Sources */ = {isa = PBXBuildFile; fileRef = 40017EFB2918749200D93466 /* Optional+Extension.swift */; };
		40017EFE2918764A00D93466 /* HeaderViewModel.swift in Sources */ = {isa = PBXBuildFile; fileRef = 40017EFD2918764A00D93466 /* HeaderViewModel.swift */; };
		40017F002918802D00D93466 /* MarvelColors.swift in Sources */ = {isa = PBXBuildFile; fileRef = 40017EFF2918802D00D93466 /* MarvelColors.swift */; };
		40017F022918872300D93466 /* String+Extension.swift in Sources */ = {isa = PBXBuildFile; fileRef = 40017F012918872300D93466 /* String+Extension.swift */; };
		40017F05291887CE00D93466 /* CharactersResponseModel.swift in Sources */ = {isa = PBXBuildFile; fileRef = 40017F04291887CE00D93466 /* CharactersResponseModel.swift */; };
		4009C96E2968EAB20053A50F /* LoadingCell.swift in Sources */ = {isa = PBXBuildFile; fileRef = 4009C96D2968EAB20053A50F /* LoadingCell.swift */; };
		4009C9702968F7FF0053A50F /* ErrorCell.swift in Sources */ = {isa = PBXBuildFile; fileRef = 4009C96F2968F7FF0053A50F /* ErrorCell.swift */; };
		401C4AFA29495B6E00754528 /* HTTPMethod.swift in Sources */ = {isa = PBXBuildFile; fileRef = 401C4AF929495B6E00754528 /* HTTPMethod.swift */; };
		401C4AFD29495BB100754528 /* ListType.swift in Sources */ = {isa = PBXBuildFile; fileRef = 401C4AFC29495BB100754528 /* ListType.swift */; };
		40374BE7294D3395002FE3DE /* HorizontalCollectionView.swift in Sources */ = {isa = PBXBuildFile; fileRef = 40374BE6294D3395002FE3DE /* HorizontalCollectionView.swift */; };
		40374BEE29526C30002FE3DE /* NetworkRequest.swift in Sources */ = {isa = PBXBuildFile; fileRef = 40374BED29526C30002FE3DE /* NetworkRequest.swift */; };
		40374BF02952793E002FE3DE /* SeeAllCell.swift in Sources */ = {isa = PBXBuildFile; fileRef = 40374BEF2952793E002FE3DE /* SeeAllCell.swift */; };
		403CC3412966347600A14410 /* DetailsCoordinatorProtocol.swift in Sources */ = {isa = PBXBuildFile; fileRef = 403CC3402966347600A14410 /* DetailsCoordinatorProtocol.swift */; };
		403CC343296634D500A14410 /* DetailsView.swift in Sources */ = {isa = PBXBuildFile; fileRef = 403CC342296634D500A14410 /* DetailsView.swift */; };
		403CC345296634E300A14410 /* DetailsViewController.swift in Sources */ = {isa = PBXBuildFile; fileRef = 403CC344296634E300A14410 /* DetailsViewController.swift */; };
		403CC347296634FA00A14410 /* DetailsViewControllerFactory.swift in Sources */ = {isa = PBXBuildFile; fileRef = 403CC346296634FA00A14410 /* DetailsViewControllerFactory.swift */; };
		403CC3492966350400A14410 /* DetailsInteractor.swift in Sources */ = {isa = PBXBuildFile; fileRef = 403CC3482966350400A14410 /* DetailsInteractor.swift */; };
		403CC34B2966351000A14410 /* DetailsPresenter.swift in Sources */ = {isa = PBXBuildFile; fileRef = 403CC34A2966351000A14410 /* DetailsPresenter.swift */; };
		403CC34D29678C1A00A14410 /* DetailsViewModel.swift in Sources */ = {isa = PBXBuildFile; fileRef = 403CC34C29678C1A00A14410 /* DetailsViewModel.swift */; };
		403CC34F296790B300A14410 /* ListResponseModel.swift in Sources */ = {isa = PBXBuildFile; fileRef = 403CC34E296790B300A14410 /* ListResponseModel.swift */; };
		403CC35229679EF400A14410 /* ListView.swift in Sources */ = {isa = PBXBuildFile; fileRef = 403CC35129679EF400A14410 /* ListView.swift */; };
		403CC35429679F0200A14410 /* ListViewModel.swift in Sources */ = {isa = PBXBuildFile; fileRef = 403CC35329679F0200A14410 /* ListViewModel.swift */; };
		4045568C291FE37400233BE8 /* UIImageView+Extension.swift in Sources */ = {isa = PBXBuildFile; fileRef = 4045568B291FE37400233BE8 /* UIImageView+Extension.swift */; };
		404556902920344800233BE8 /* SceneDelegate.swift in Sources */ = {isa = PBXBuildFile; fileRef = 4045568F2920344800233BE8 /* SceneDelegate.swift */; };
		404656E129132D1A000F19FC /* AppDelegate.swift in Sources */ = {isa = PBXBuildFile; fileRef = 404656E029132D1A000F19FC /* AppDelegate.swift */; };
		404656EA29132D1C000F19FC /* Assets.xcassets in Resources */ = {isa = PBXBuildFile; fileRef = 404656E929132D1C000F19FC /* Assets.xcassets */; };
		404656ED29132D1C000F19FC /* LaunchScreen.storyboard in Resources */ = {isa = PBXBuildFile; fileRef = 404656EB29132D1C000F19FC /* LaunchScreen.storyboard */; };
		404656F829132D1C000F19FC /* marvel_appTests.swift in Sources */ = {isa = PBXBuildFile; fileRef = 404656F729132D1C000F19FC /* marvel_appTests.swift */; };
		4046570229132D1C000F19FC /* marvel_appUITests.swift in Sources */ = {isa = PBXBuildFile; fileRef = 4046570129132D1C000F19FC /* marvel_appUITests.swift */; };
		4046570429132D1C000F19FC /* marvel_appUITestsLaunchTests.swift in Sources */ = {isa = PBXBuildFile; fileRef = 4046570329132D1C000F19FC /* marvel_appUITestsLaunchTests.swift */; };
		4046575C291337D8000F19FC /* HomeViewController.swift in Sources */ = {isa = PBXBuildFile; fileRef = 4046575B291337D8000F19FC /* HomeViewController.swift */; };
		4046575E29134223000F19FC /* HomePresenter.swift in Sources */ = {isa = PBXBuildFile; fileRef = 4046575D29134223000F19FC /* HomePresenter.swift */; };
		4046576029134230000F19FC /* HomeWorker.swift in Sources */ = {isa = PBXBuildFile; fileRef = 4046575F29134230000F19FC /* HomeWorker.swift */; };
		4046576229134245000F19FC /* HomeInteractor.swift in Sources */ = {isa = PBXBuildFile; fileRef = 4046576129134245000F19FC /* HomeInteractor.swift */; };
		404657642913425D000F19FC /* HomeViewControllerFactory.swift in Sources */ = {isa = PBXBuildFile; fileRef = 404657632913425D000F19FC /* HomeViewControllerFactory.swift */; };
		4046576629134270000F19FC /* HomeCoordinatorProtocol.swift in Sources */ = {isa = PBXBuildFile; fileRef = 4046576529134270000F19FC /* HomeCoordinatorProtocol.swift */; };
		40465769291342D7000F19FC /* ApplicationCoordinator.swift in Sources */ = {isa = PBXBuildFile; fileRef = 40465768291342D7000F19FC /* ApplicationCoordinator.swift */; };
		4046576B2913432B000F19FC /* ItemCard.swift in Sources */ = {isa = PBXBuildFile; fileRef = 4046576A2913432B000F19FC /* ItemCard.swift */; };
		4046576E29134357000F19FC /* ItemCardModel.swift in Sources */ = {isa = PBXBuildFile; fileRef = 4046576D29134357000F19FC /* ItemCardModel.swift */; };
		40465770291345A2000F19FC /* UIView+Extension.swift in Sources */ = {isa = PBXBuildFile; fileRef = 4046576F291345A2000F19FC /* UIView+Extension.swift */; };
		4046577229134B6E000F19FC /* HomeView.swift in Sources */ = {isa = PBXBuildFile; fileRef = 4046577129134B6E000F19FC /* HomeView.swift */; };
		4049BD3029259B1D00308EC3 /* NetworkError.swift in Sources */ = {isa = PBXBuildFile; fileRef = 4049BD2F29259B1D00308EC3 /* NetworkError.swift */; };
		405961112964DCE4005762C2 /* ComicsResponseModel.swift in Sources */ = {isa = PBXBuildFile; fileRef = 405961102964DCE4005762C2 /* ComicsResponseModel.swift */; };
		405961132964DCF4005762C2 /* CreatorsResponseModel.swift in Sources */ = {isa = PBXBuildFile; fileRef = 405961122964DCF4005762C2 /* CreatorsResponseModel.swift */; };
		405961172964DD16005762C2 /* EventsResponseModel.swift in Sources */ = {isa = PBXBuildFile; fileRef = 405961162964DD16005762C2 /* EventsResponseModel.swift */; };
		405961192964DD2F005762C2 /* SeriesResponseModel.swift in Sources */ = {isa = PBXBuildFile; fileRef = 405961182964DD2F005762C2 /* SeriesResponseModel.swift */; };
		4059611B2964DF5B005762C2 /* ImageResponseModel.swift in Sources */ = {isa = PBXBuildFile; fileRef = 4059611A2964DF5B005762C2 /* ImageResponseModel.swift */; };
		405A59EF291DD522001757B9 /* MarvelFonts.swift in Sources */ = {isa = PBXBuildFile; fileRef = 405A59EE291DD522001757B9 /* MarvelFonts.swift */; };
		405D24E32968BB0C004B2057 /* UILabel+Extension.swift in Sources */ = {isa = PBXBuildFile; fileRef = 405D24E22968BB0C004B2057 /* UILabel+Extension.swift */; };
		405D24E52968BDBC004B2057 /* URLResponseModel.swift in Sources */ = {isa = PBXBuildFile; fileRef = 405D24E42968BDBC004B2057 /* URLResponseModel.swift */; };
		405D24E72968C8F7004B2057 /* ItemView.swift in Sources */ = {isa = PBXBuildFile; fileRef = 405D24E62968C8F7004B2057 /* ItemView.swift */; };
		40D14A122956582700670A55 /* UITableViewCell+Extension.swift in Sources */ = {isa = PBXBuildFile; fileRef = 40D14A112956582700670A55 /* UITableViewCell+Extension.swift */; };
		40D5795929493092002B31F6 /* MarvelURLBuilder.swift in Sources */ = {isa = PBXBuildFile; fileRef = 40D5795829493092002B31F6 /* MarvelURLBuilder.swift */; };
/* End PBXBuildFile section */

/* Begin PBXContainerItemProxy section */
		404656F429132D1C000F19FC /* PBXContainerItemProxy */ = {
			isa = PBXContainerItemProxy;
			containerPortal = 404656D529132D1A000F19FC /* Project object */;
			proxyType = 1;
			remoteGlobalIDString = 404656DC29132D1A000F19FC;
			remoteInfo = "marvel-app";
		};
		404656FE29132D1C000F19FC /* PBXContainerItemProxy */ = {
			isa = PBXContainerItemProxy;
			containerPortal = 404656D529132D1A000F19FC /* Project object */;
			proxyType = 1;
			remoteGlobalIDString = 404656DC29132D1A000F19FC;
			remoteInfo = "marvel-app";
		};
/* End PBXContainerItemProxy section */

/* Begin PBXFileReference section */
		40017EEB29184EB400D93466 /* ItemCell.swift */ = {isa = PBXFileReference; lastKnownFileType = sourcecode.swift; path = ItemCell.swift; sourceTree = "<group>"; };
		40017EED2918508500D93466 /* UICollectionViewCell+Extension.swift */ = {isa = PBXFileReference; lastKnownFileType = sourcecode.swift; path = "UICollectionViewCell+Extension.swift"; sourceTree = "<group>"; };
		40017EF7291869C100D93466 /* HeaderView.swift */ = {isa = PBXFileReference; lastKnownFileType = sourcecode.swift; path = HeaderView.swift; sourceTree = "<group>"; };
		40017EF92918743A00D93466 /* UIImage+Extension.swift */ = {isa = PBXFileReference; lastKnownFileType = sourcecode.swift; path = "UIImage+Extension.swift"; sourceTree = "<group>"; };
		40017EFB2918749200D93466 /* Optional+Extension.swift */ = {isa = PBXFileReference; lastKnownFileType = sourcecode.swift; path = "Optional+Extension.swift"; sourceTree = "<group>"; };
		40017EFD2918764A00D93466 /* HeaderViewModel.swift */ = {isa = PBXFileReference; lastKnownFileType = sourcecode.swift; path = HeaderViewModel.swift; sourceTree = "<group>"; };
		40017EFF2918802D00D93466 /* MarvelColors.swift */ = {isa = PBXFileReference; lastKnownFileType = sourcecode.swift; path = MarvelColors.swift; sourceTree = "<group>"; };
		40017F012918872300D93466 /* String+Extension.swift */ = {isa = PBXFileReference; lastKnownFileType = sourcecode.swift; path = "String+Extension.swift"; sourceTree = "<group>"; };
		40017F04291887CE00D93466 /* CharactersResponseModel.swift */ = {isa = PBXFileReference; lastKnownFileType = sourcecode.swift; path = CharactersResponseModel.swift; sourceTree = "<group>"; };
		4009C96D2968EAB20053A50F /* LoadingCell.swift */ = {isa = PBXFileReference; lastKnownFileType = sourcecode.swift; path = LoadingCell.swift; sourceTree = "<group>"; };
		4009C96F2968F7FF0053A50F /* ErrorCell.swift */ = {isa = PBXFileReference; lastKnownFileType = sourcecode.swift; path = ErrorCell.swift; sourceTree = "<group>"; };
		401C4AF929495B6E00754528 /* HTTPMethod.swift */ = {isa = PBXFileReference; lastKnownFileType = sourcecode.swift; path = HTTPMethod.swift; sourceTree = "<group>"; };
		401C4AFC29495BB100754528 /* ListType.swift */ = {isa = PBXFileReference; lastKnownFileType = sourcecode.swift; path = ListType.swift; sourceTree = "<group>"; };
		40374BE6294D3395002FE3DE /* HorizontalCollectionView.swift */ = {isa = PBXFileReference; lastKnownFileType = sourcecode.swift; path = HorizontalCollectionView.swift; sourceTree = "<group>"; };
		40374BED29526C30002FE3DE /* NetworkRequest.swift */ = {isa = PBXFileReference; lastKnownFileType = sourcecode.swift; path = NetworkRequest.swift; sourceTree = "<group>"; };
		40374BEF2952793E002FE3DE /* SeeAllCell.swift */ = {isa = PBXFileReference; lastKnownFileType = sourcecode.swift; path = SeeAllCell.swift; sourceTree = "<group>"; };
		403CC3402966347600A14410 /* DetailsCoordinatorProtocol.swift */ = {isa = PBXFileReference; lastKnownFileType = sourcecode.swift; path = DetailsCoordinatorProtocol.swift; sourceTree = "<group>"; };
		403CC342296634D500A14410 /* DetailsView.swift */ = {isa = PBXFileReference; lastKnownFileType = sourcecode.swift; path = DetailsView.swift; sourceTree = "<group>"; };
		403CC344296634E300A14410 /* DetailsViewController.swift */ = {isa = PBXFileReference; lastKnownFileType = sourcecode.swift; path = DetailsViewController.swift; sourceTree = "<group>"; };
		403CC346296634FA00A14410 /* DetailsViewControllerFactory.swift */ = {isa = PBXFileReference; lastKnownFileType = sourcecode.swift; path = DetailsViewControllerFactory.swift; sourceTree = "<group>"; };
		403CC3482966350400A14410 /* DetailsInteractor.swift */ = {isa = PBXFileReference; lastKnownFileType = sourcecode.swift; path = DetailsInteractor.swift; sourceTree = "<group>"; };
		403CC34A2966351000A14410 /* DetailsPresenter.swift */ = {isa = PBXFileReference; lastKnownFileType = sourcecode.swift; path = DetailsPresenter.swift; sourceTree = "<group>"; };
		403CC34C29678C1A00A14410 /* DetailsViewModel.swift */ = {isa = PBXFileReference; lastKnownFileType = sourcecode.swift; path = DetailsViewModel.swift; sourceTree = "<group>"; };
		403CC34E296790B300A14410 /* ListResponseModel.swift */ = {isa = PBXFileReference; lastKnownFileType = sourcecode.swift; path = ListResponseModel.swift; sourceTree = "<group>"; };
		403CC35129679EF400A14410 /* ListView.swift */ = {isa = PBXFileReference; lastKnownFileType = sourcecode.swift; path = ListView.swift; sourceTree = "<group>"; };
		403CC35329679F0200A14410 /* ListViewModel.swift */ = {isa = PBXFileReference; lastKnownFileType = sourcecode.swift; path = ListViewModel.swift; sourceTree = "<group>"; };
		4045568B291FE37400233BE8 /* UIImageView+Extension.swift */ = {isa = PBXFileReference; lastKnownFileType = sourcecode.swift; path = "UIImageView+Extension.swift"; sourceTree = "<group>"; };
		4045568F2920344800233BE8 /* SceneDelegate.swift */ = {isa = PBXFileReference; lastKnownFileType = sourcecode.swift; path = SceneDelegate.swift; sourceTree = "<group>"; };
		404656DD29132D1A000F19FC /* Marvel.app */ = {isa = PBXFileReference; explicitFileType = wrapper.application; includeInIndex = 0; path = Marvel.app; sourceTree = BUILT_PRODUCTS_DIR; };
		404656E029132D1A000F19FC /* AppDelegate.swift */ = {isa = PBXFileReference; lastKnownFileType = sourcecode.swift; path = AppDelegate.swift; sourceTree = "<group>"; };
		404656E929132D1C000F19FC /* Assets.xcassets */ = {isa = PBXFileReference; lastKnownFileType = folder.assetcatalog; path = Assets.xcassets; sourceTree = "<group>"; };
		404656EC29132D1C000F19FC /* Base */ = {isa = PBXFileReference; lastKnownFileType = file.storyboard; name = Base; path = Base.lproj/LaunchScreen.storyboard; sourceTree = "<group>"; };
		404656EE29132D1C000F19FC /* Info.plist */ = {isa = PBXFileReference; lastKnownFileType = text.plist.xml; path = Info.plist; sourceTree = "<group>"; };
		404656F329132D1C000F19FC /* marvel-appTests.xctest */ = {isa = PBXFileReference; explicitFileType = wrapper.cfbundle; includeInIndex = 0; path = "marvel-appTests.xctest"; sourceTree = BUILT_PRODUCTS_DIR; };
		404656F729132D1C000F19FC /* marvel_appTests.swift */ = {isa = PBXFileReference; lastKnownFileType = sourcecode.swift; path = marvel_appTests.swift; sourceTree = "<group>"; };
		404656FD29132D1C000F19FC /* marvel-appUITests.xctest */ = {isa = PBXFileReference; explicitFileType = wrapper.cfbundle; includeInIndex = 0; path = "marvel-appUITests.xctest"; sourceTree = BUILT_PRODUCTS_DIR; };
		4046570129132D1C000F19FC /* marvel_appUITests.swift */ = {isa = PBXFileReference; lastKnownFileType = sourcecode.swift; path = marvel_appUITests.swift; sourceTree = "<group>"; };
		4046570329132D1C000F19FC /* marvel_appUITestsLaunchTests.swift */ = {isa = PBXFileReference; lastKnownFileType = sourcecode.swift; path = marvel_appUITestsLaunchTests.swift; sourceTree = "<group>"; };
		4046575B291337D8000F19FC /* HomeViewController.swift */ = {isa = PBXFileReference; lastKnownFileType = sourcecode.swift; path = HomeViewController.swift; sourceTree = "<group>"; };
		4046575D29134223000F19FC /* HomePresenter.swift */ = {isa = PBXFileReference; lastKnownFileType = sourcecode.swift; path = HomePresenter.swift; sourceTree = "<group>"; };
		4046575F29134230000F19FC /* HomeWorker.swift */ = {isa = PBXFileReference; lastKnownFileType = sourcecode.swift; path = HomeWorker.swift; sourceTree = "<group>"; };
		4046576129134245000F19FC /* HomeInteractor.swift */ = {isa = PBXFileReference; lastKnownFileType = sourcecode.swift; path = HomeInteractor.swift; sourceTree = "<group>"; };
		404657632913425D000F19FC /* HomeViewControllerFactory.swift */ = {isa = PBXFileReference; lastKnownFileType = sourcecode.swift; path = HomeViewControllerFactory.swift; sourceTree = "<group>"; };
		4046576529134270000F19FC /* HomeCoordinatorProtocol.swift */ = {isa = PBXFileReference; lastKnownFileType = sourcecode.swift; path = HomeCoordinatorProtocol.swift; sourceTree = "<group>"; };
		40465768291342D7000F19FC /* ApplicationCoordinator.swift */ = {isa = PBXFileReference; lastKnownFileType = sourcecode.swift; path = ApplicationCoordinator.swift; sourceTree = "<group>"; };
		4046576A2913432B000F19FC /* ItemCard.swift */ = {isa = PBXFileReference; lastKnownFileType = sourcecode.swift; path = ItemCard.swift; sourceTree = "<group>"; };
		4046576D29134357000F19FC /* ItemCardModel.swift */ = {isa = PBXFileReference; lastKnownFileType = sourcecode.swift; path = ItemCardModel.swift; sourceTree = "<group>"; };
		4046576F291345A2000F19FC /* UIView+Extension.swift */ = {isa = PBXFileReference; lastKnownFileType = sourcecode.swift; path = "UIView+Extension.swift"; sourceTree = "<group>"; };
		4046577129134B6E000F19FC /* HomeView.swift */ = {isa = PBXFileReference; lastKnownFileType = sourcecode.swift; path = HomeView.swift; sourceTree = "<group>"; };
		4049BD2F29259B1D00308EC3 /* NetworkError.swift */ = {isa = PBXFileReference; lastKnownFileType = sourcecode.swift; path = NetworkError.swift; sourceTree = "<group>"; };
		405961102964DCE4005762C2 /* ComicsResponseModel.swift */ = {isa = PBXFileReference; lastKnownFileType = sourcecode.swift; path = ComicsResponseModel.swift; sourceTree = "<group>"; };
		405961122964DCF4005762C2 /* CreatorsResponseModel.swift */ = {isa = PBXFileReference; lastKnownFileType = sourcecode.swift; path = CreatorsResponseModel.swift; sourceTree = "<group>"; };
		405961162964DD16005762C2 /* EventsResponseModel.swift */ = {isa = PBXFileReference; lastKnownFileType = sourcecode.swift; path = EventsResponseModel.swift; sourceTree = "<group>"; };
		405961182964DD2F005762C2 /* SeriesResponseModel.swift */ = {isa = PBXFileReference; lastKnownFileType = sourcecode.swift; path = SeriesResponseModel.swift; sourceTree = "<group>"; };
		4059611A2964DF5B005762C2 /* ImageResponseModel.swift */ = {isa = PBXFileReference; lastKnownFileType = sourcecode.swift; path = ImageResponseModel.swift; sourceTree = "<group>"; };
		405A59EE291DD522001757B9 /* MarvelFonts.swift */ = {isa = PBXFileReference; lastKnownFileType = sourcecode.swift; path = MarvelFonts.swift; sourceTree = "<group>"; };
		405D24E22968BB0C004B2057 /* UILabel+Extension.swift */ = {isa = PBXFileReference; lastKnownFileType = sourcecode.swift; path = "UILabel+Extension.swift"; sourceTree = "<group>"; };
		405D24E42968BDBC004B2057 /* URLResponseModel.swift */ = {isa = PBXFileReference; lastKnownFileType = sourcecode.swift; path = URLResponseModel.swift; sourceTree = "<group>"; };
		405D24E62968C8F7004B2057 /* ItemView.swift */ = {isa = PBXFileReference; lastKnownFileType = sourcecode.swift; path = ItemView.swift; sourceTree = "<group>"; };
		40D14A112956582700670A55 /* UITableViewCell+Extension.swift */ = {isa = PBXFileReference; lastKnownFileType = sourcecode.swift; path = "UITableViewCell+Extension.swift"; sourceTree = "<group>"; };
		40D5795829493092002B31F6 /* MarvelURLBuilder.swift */ = {isa = PBXFileReference; lastKnownFileType = sourcecode.swift; path = MarvelURLBuilder.swift; sourceTree = "<group>"; };
/* End PBXFileReference section */

/* Begin PBXFrameworksBuildPhase section */
		404656DA29132D1A000F19FC /* Frameworks */ = {
			isa = PBXFrameworksBuildPhase;
			buildActionMask = 2147483647;
			files = (
			);
			runOnlyForDeploymentPostprocessing = 0;
		};
		404656F029132D1C000F19FC /* Frameworks */ = {
			isa = PBXFrameworksBuildPhase;
			buildActionMask = 2147483647;
			files = (
			);
			runOnlyForDeploymentPostprocessing = 0;
		};
		404656FA29132D1C000F19FC /* Frameworks */ = {
			isa = PBXFrameworksBuildPhase;
			buildActionMask = 2147483647;
			files = (
			);
			runOnlyForDeploymentPostprocessing = 0;
		};
/* End PBXFrameworksBuildPhase section */

/* Begin PBXGroup section */
		40017EEF2918678300D93466 /* View */ = {
			isa = PBXGroup;
			children = (
				4046575B291337D8000F19FC /* HomeViewController.swift */,
				4046577129134B6E000F19FC /* HomeView.swift */,
			);
			path = View;
			sourceTree = "<group>";
		};
		40017EF0291867A500D93466 /* Coordinator */ = {
			isa = PBXGroup;
			children = (
				4046576529134270000F19FC /* HomeCoordinatorProtocol.swift */,
			);
			path = Coordinator;
			sourceTree = "<group>";
		};
		40017EF1291867B000D93466 /* Interactor */ = {
			isa = PBXGroup;
			children = (
				4046576129134245000F19FC /* HomeInteractor.swift */,
			);
			path = Interactor;
			sourceTree = "<group>";
		};
		40017EF2291867BB00D93466 /* Factory */ = {
			isa = PBXGroup;
			children = (
				404657632913425D000F19FC /* HomeViewControllerFactory.swift */,
			);
			path = Factory;
			sourceTree = "<group>";
		};
		40017EF3291867C700D93466 /* Presenter */ = {
			isa = PBXGroup;
			children = (
				4046575D29134223000F19FC /* HomePresenter.swift */,
			);
			path = Presenter;
			sourceTree = "<group>";
		};
		40017EF4291867D300D93466 /* Worker */ = {
			isa = PBXGroup;
			children = (
				4046575F29134230000F19FC /* HomeWorker.swift */,
			);
			path = Worker;
			sourceTree = "<group>";
		};
		40017EF52918681300D93466 /* SearchBar */ = {
			isa = PBXGroup;
			children = (
			);
			path = SearchBar;
			sourceTree = "<group>";
		};
		40017EF62918695900D93466 /* HeaderView */ = {
			isa = PBXGroup;
			children = (
				40017EF7291869C100D93466 /* HeaderView.swift */,
				40017EFD2918764A00D93466 /* HeaderViewModel.swift */,
			);
			path = HeaderView;
			sourceTree = "<group>";
		};
		40017F03291887B000D93466 /* Models */ = {
			isa = PBXGroup;
			children = (
				401C4AFC29495BB100754528 /* ListType.swift */,
				4059611A2964DF5B005762C2 /* ImageResponseModel.swift */,
				405D24E42968BDBC004B2057 /* URLResponseModel.swift */,
				403CC34E296790B300A14410 /* ListResponseModel.swift */,
				40017F04291887CE00D93466 /* CharactersResponseModel.swift */,
				405961102964DCE4005762C2 /* ComicsResponseModel.swift */,
				405961122964DCF4005762C2 /* CreatorsResponseModel.swift */,
				405961162964DD16005762C2 /* EventsResponseModel.swift */,
				405961182964DD2F005762C2 /* SeriesResponseModel.swift */,
			);
			path = Models;
			sourceTree = "<group>";
		};
		4009C9712968F8190053A50F /* LoadingCell */ = {
			isa = PBXGroup;
			children = (
				4009C96D2968EAB20053A50F /* LoadingCell.swift */,
			);
			path = LoadingCell;
			sourceTree = "<group>";
		};
		401C4AFB29495B9400754528 /* Models */ = {
			isa = PBXGroup;
			children = (
				401C4AF929495B6E00754528 /* HTTPMethod.swift */,
				4049BD2F29259B1D00308EC3 /* NetworkError.swift */,
			);
			path = Models;
			sourceTree = "<group>";
		};
		40374BE5294D333E002FE3DE /* HorizontalCollection */ = {
			isa = PBXGroup;
			children = (
				40374BE6294D3395002FE3DE /* HorizontalCollectionView.swift */,
				40017EEB29184EB400D93466 /* ItemCell.swift */,
				40374BEF2952793E002FE3DE /* SeeAllCell.swift */,
			);
			path = HorizontalCollection;
			sourceTree = "<group>";
		};
		403CC33A296632BD00A14410 /* Coordinator */ = {
			isa = PBXGroup;
			children = (
				403CC3402966347600A14410 /* DetailsCoordinatorProtocol.swift */,
			);
			path = Coordinator;
			sourceTree = "<group>";
		};
		403CC33B296632C400A14410 /* Factory */ = {
			isa = PBXGroup;
			children = (
				403CC346296634FA00A14410 /* DetailsViewControllerFactory.swift */,
			);
			path = Factory;
			sourceTree = "<group>";
		};
		403CC33C296632CC00A14410 /* Interactor */ = {
			isa = PBXGroup;
			children = (
				403CC3482966350400A14410 /* DetailsInteractor.swift */,
			);
			path = Interactor;
			sourceTree = "<group>";
		};
		403CC33D296632D300A14410 /* Model */ = {
			isa = PBXGroup;
			children = (
				403CC34C29678C1A00A14410 /* DetailsViewModel.swift */,
			);
			path = Model;
			sourceTree = "<group>";
		};
		403CC33E296632DF00A14410 /* Presenter */ = {
			isa = PBXGroup;
			children = (
				403CC34A2966351000A14410 /* DetailsPresenter.swift */,
			);
			path = Presenter;
			sourceTree = "<group>";
		};
		403CC33F296632EA00A14410 /* View */ = {
			isa = PBXGroup;
			children = (
				403CC342296634D500A14410 /* DetailsView.swift */,
				403CC344296634E300A14410 /* DetailsViewController.swift */,
			);
			path = View;
			sourceTree = "<group>";
		};
		403CC35029679EDC00A14410 /* ListView */ = {
			isa = PBXGroup;
			children = (
				403CC35129679EF400A14410 /* ListView.swift */,
				403CC35329679F0200A14410 /* ListViewModel.swift */,
				405D24E62968C8F7004B2057 /* ItemView.swift */,
			);
			path = ListView;
			sourceTree = "<group>";
		};
		4045569129206A3300233BE8 /* AppDelegate */ = {
			isa = PBXGroup;
			children = (
				404656E029132D1A000F19FC /* AppDelegate.swift */,
				4045568F2920344800233BE8 /* SceneDelegate.swift */,
			);
			path = AppDelegate;
			sourceTree = "<group>";
		};
		4045569229206CFD00233BE8 /* LaunchScreen */ = {
			isa = PBXGroup;
			children = (
				404656EB29132D1C000F19FC /* LaunchScreen.storyboard */,
			);
			path = LaunchScreen;
			sourceTree = "<group>";
		};
		404656D429132D1A000F19FC = {
			isa = PBXGroup;
			children = (
				404656DF29132D1A000F19FC /* marvel-app */,
				404656F629132D1C000F19FC /* marvel-appTests */,
				4046570029132D1C000F19FC /* marvel-appUITests */,
				404656DE29132D1A000F19FC /* Products */,
			);
			sourceTree = "<group>";
		};
		404656DE29132D1A000F19FC /* Products */ = {
			isa = PBXGroup;
			children = (
				404656DD29132D1A000F19FC /* Marvel.app */,
				404656F329132D1C000F19FC /* marvel-appTests.xctest */,
				404656FD29132D1C000F19FC /* marvel-appUITests.xctest */,
			);
			name = Products;
			sourceTree = "<group>";
		};
		404656DF29132D1A000F19FC /* marvel-app */ = {
			isa = PBXGroup;
			children = (
				4045569129206A3300233BE8 /* AppDelegate */,
				4045569229206CFD00233BE8 /* LaunchScreen */,
				404657162913317D000F19FC /* SupportingFiles */,
				4046571B2913325B000F19FC /* Utils */,
				40465717291331FB000F19FC /* DesignSystem */,
				4049BD2E29259AFA00308EC3 /* Network */,
				4046571029133036000F19FC /* Scenes */,
			);
			path = "marvel-app";
			sourceTree = "<group>";
		};
		404656F629132D1C000F19FC /* marvel-appTests */ = {
			isa = PBXGroup;
			children = (
				404656F729132D1C000F19FC /* marvel_appTests.swift */,
			);
			path = "marvel-appTests";
			sourceTree = "<group>";
		};
		4046570029132D1C000F19FC /* marvel-appUITests */ = {
			isa = PBXGroup;
			children = (
				4046570129132D1C000F19FC /* marvel_appUITests.swift */,
				4046570329132D1C000F19FC /* marvel_appUITestsLaunchTests.swift */,
			);
			path = "marvel-appUITests";
			sourceTree = "<group>";
		};
		4046571029133036000F19FC /* Scenes */ = {
			isa = PBXGroup;
			children = (
				40465768291342D7000F19FC /* ApplicationCoordinator.swift */,
				40465715291330D9000F19FC /* CreateNewAccount */,
				40465714291330A4000F19FC /* LogIn */,
				404657112913303E000F19FC /* Home */,
				4046571329133062000F19FC /* Details */,
			);
			path = Scenes;
			sourceTree = "<group>";
		};
		404657112913303E000F19FC /* Home */ = {
			isa = PBXGroup;
			children = (
				40017EF0291867A500D93466 /* Coordinator */,
				40017EF2291867BB00D93466 /* Factory */,
				40017EF1291867B000D93466 /* Interactor */,
				40017F03291887B000D93466 /* Models */,
				40017EF3291867C700D93466 /* Presenter */,
				40017EEF2918678300D93466 /* View */,
				40017EF4291867D300D93466 /* Worker */,
			);
			path = Home;
			sourceTree = "<group>";
		};
		4046571329133062000F19FC /* Details */ = {
			isa = PBXGroup;
			children = (
				403CC33A296632BD00A14410 /* Coordinator */,
				403CC33F296632EA00A14410 /* View */,
				403CC33B296632C400A14410 /* Factory */,
				403CC33C296632CC00A14410 /* Interactor */,
				403CC33D296632D300A14410 /* Model */,
				403CC33E296632DF00A14410 /* Presenter */,
			);
			path = Details;
			sourceTree = "<group>";
		};
		40465714291330A4000F19FC /* LogIn */ = {
			isa = PBXGroup;
			children = (
			);
			path = LogIn;
			sourceTree = "<group>";
		};
		40465715291330D9000F19FC /* CreateNewAccount */ = {
			isa = PBXGroup;
			children = (
			);
			path = CreateNewAccount;
			sourceTree = "<group>";
		};
		404657162913317D000F19FC /* SupportingFiles */ = {
			isa = PBXGroup;
			children = (
				404656E929132D1C000F19FC /* Assets.xcassets */,
				404656EE29132D1C000F19FC /* Info.plist */,
			);
			path = SupportingFiles;
			sourceTree = "<group>";
		};
		40465717291331FB000F19FC /* DesignSystem */ = {
			isa = PBXGroup;
			children = (
				4046571929133229000F19FC /* Tokens */,
				404657182913321D000F19FC /* Components */,
			);
			path = DesignSystem;
			sourceTree = "<group>";
		};
		404657182913321D000F19FC /* Components */ = {
			isa = PBXGroup;
			children = (
				40D57956294925CC002B31F6 /* ErrorCell */,
				4046576C2913433C000F19FC /* ItemCard */,
				40017EF62918695900D93466 /* HeaderView */,
				40374BE5294D333E002FE3DE /* HorizontalCollection */,
				403CC35029679EDC00A14410 /* ListView */,
				4009C9712968F8190053A50F /* LoadingCell */,
				40017EF52918681300D93466 /* SearchBar */,
			);
			path = Components;
			sourceTree = "<group>";
		};
		4046571929133229000F19FC /* Tokens */ = {
			isa = PBXGroup;
			children = (
				40017EFF2918802D00D93466 /* MarvelColors.swift */,
				405A59EE291DD522001757B9 /* MarvelFonts.swift */,
			);
			path = Tokens;
			sourceTree = "<group>";
		};
		4046571B2913325B000F19FC /* Utils */ = {
			isa = PBXGroup;
			children = (
				4046576F291345A2000F19FC /* UIView+Extension.swift */,
				40017EED2918508500D93466 /* UICollectionViewCell+Extension.swift */,
				40017EF92918743A00D93466 /* UIImage+Extension.swift */,
				4045568B291FE37400233BE8 /* UIImageView+Extension.swift */,
				40017EFB2918749200D93466 /* Optional+Extension.swift */,
				40017F012918872300D93466 /* String+Extension.swift */,
				40D14A112956582700670A55 /* UITableViewCell+Extension.swift */,
				405D24E22968BB0C004B2057 /* UILabel+Extension.swift */,
			);
			path = Utils;
			sourceTree = "<group>";
		};
		4046576C2913433C000F19FC /* ItemCard */ = {
			isa = PBXGroup;
			children = (
				4046576A2913432B000F19FC /* ItemCard.swift */,
				4046576D29134357000F19FC /* ItemCardModel.swift */,
			);
			path = ItemCard;
			sourceTree = "<group>";
		};
		4049BD2E29259AFA00308EC3 /* Network */ = {
			isa = PBXGroup;
			children = (
				401C4AFB29495B9400754528 /* Models */,
				40D5795829493092002B31F6 /* MarvelURLBuilder.swift */,
				40374BED29526C30002FE3DE /* NetworkRequest.swift */,
			);
			path = Network;
			sourceTree = "<group>";
		};
		40D57956294925CC002B31F6 /* ErrorCell */ = {
			isa = PBXGroup;
			children = (
				4009C96F2968F7FF0053A50F /* ErrorCell.swift */,
			);
			path = ErrorCell;
			sourceTree = "<group>";
		};
/* End PBXGroup section */

/* Begin PBXNativeTarget section */
		404656DC29132D1A000F19FC /* Marvel */ = {
			isa = PBXNativeTarget;
			buildConfigurationList = 4046570729132D1C000F19FC /* Build configuration list for PBXNativeTarget "Marvel" */;
			buildPhases = (
				404656D929132D1A000F19FC /* Sources */,
				404656DA29132D1A000F19FC /* Frameworks */,
				404656DB29132D1A000F19FC /* Resources */,
			);
			buildRules = (
			);
			dependencies = (
			);
			name = Marvel;
			productName = "marvel-app";
			productReference = 404656DD29132D1A000F19FC /* Marvel.app */;
			productType = "com.apple.product-type.application";
		};
		404656F229132D1C000F19FC /* marvel-appTests */ = {
			isa = PBXNativeTarget;
			buildConfigurationList = 4046570A29132D1C000F19FC /* Build configuration list for PBXNativeTarget "marvel-appTests" */;
			buildPhases = (
				404656EF29132D1C000F19FC /* Sources */,
				404656F029132D1C000F19FC /* Frameworks */,
				404656F129132D1C000F19FC /* Resources */,
			);
			buildRules = (
			);
			dependencies = (
				404656F529132D1C000F19FC /* PBXTargetDependency */,
			);
			name = "marvel-appTests";
			productName = "marvel-appTests";
			productReference = 404656F329132D1C000F19FC /* marvel-appTests.xctest */;
			productType = "com.apple.product-type.bundle.unit-test";
		};
		404656FC29132D1C000F19FC /* marvel-appUITests */ = {
			isa = PBXNativeTarget;
			buildConfigurationList = 4046570D29132D1C000F19FC /* Build configuration list for PBXNativeTarget "marvel-appUITests" */;
			buildPhases = (
				404656F929132D1C000F19FC /* Sources */,
				404656FA29132D1C000F19FC /* Frameworks */,
				404656FB29132D1C000F19FC /* Resources */,
			);
			buildRules = (
			);
			dependencies = (
				404656FF29132D1C000F19FC /* PBXTargetDependency */,
			);
			name = "marvel-appUITests";
			productName = "marvel-appUITests";
			productReference = 404656FD29132D1C000F19FC /* marvel-appUITests.xctest */;
			productType = "com.apple.product-type.bundle.ui-testing";
		};
/* End PBXNativeTarget section */

/* Begin PBXProject section */
		404656D529132D1A000F19FC /* Project object */ = {
			isa = PBXProject;
			attributes = {
				BuildIndependentTargetsInParallel = 1;
				LastSwiftUpdateCheck = 1400;
				LastUpgradeCheck = 1400;
				TargetAttributes = {
					404656DC29132D1A000F19FC = {
						CreatedOnToolsVersion = 14.0.1;
					};
					404656F229132D1C000F19FC = {
						CreatedOnToolsVersion = 14.0.1;
						TestTargetID = 404656DC29132D1A000F19FC;
					};
					404656FC29132D1C000F19FC = {
						CreatedOnToolsVersion = 14.0.1;
						TestTargetID = 404656DC29132D1A000F19FC;
					};
				};
			};
			buildConfigurationList = 404656D829132D1A000F19FC /* Build configuration list for PBXProject "MarvelApp" */;
			compatibilityVersion = "Xcode 14.0";
			developmentRegion = en;
			hasScannedForEncodings = 0;
			knownRegions = (
				en,
				Base,
			);
			mainGroup = 404656D429132D1A000F19FC;
			productRefGroup = 404656DE29132D1A000F19FC /* Products */;
			projectDirPath = "";
			projectRoot = "";
			targets = (
				404656DC29132D1A000F19FC /* Marvel */,
				404656F229132D1C000F19FC /* marvel-appTests */,
				404656FC29132D1C000F19FC /* marvel-appUITests */,
			);
		};
/* End PBXProject section */

/* Begin PBXResourcesBuildPhase section */
		404656DB29132D1A000F19FC /* Resources */ = {
			isa = PBXResourcesBuildPhase;
			buildActionMask = 2147483647;
			files = (
				404656ED29132D1C000F19FC /* LaunchScreen.storyboard in Resources */,
				404656EA29132D1C000F19FC /* Assets.xcassets in Resources */,
			);
			runOnlyForDeploymentPostprocessing = 0;
		};
		404656F129132D1C000F19FC /* Resources */ = {
			isa = PBXResourcesBuildPhase;
			buildActionMask = 2147483647;
			files = (
			);
			runOnlyForDeploymentPostprocessing = 0;
		};
		404656FB29132D1C000F19FC /* Resources */ = {
			isa = PBXResourcesBuildPhase;
			buildActionMask = 2147483647;
			files = (
			);
			runOnlyForDeploymentPostprocessing = 0;
		};
/* End PBXResourcesBuildPhase section */

/* Begin PBXSourcesBuildPhase section */
		404656D929132D1A000F19FC /* Sources */ = {
			isa = PBXSourcesBuildPhase;
			buildActionMask = 2147483647;
			files = (
				403CC35429679F0200A14410 /* ListViewModel.swift in Sources */,
				40D5795929493092002B31F6 /* MarvelURLBuilder.swift in Sources */,
				403CC3492966350400A14410 /* DetailsInteractor.swift in Sources */,
				4046576629134270000F19FC /* HomeCoordinatorProtocol.swift in Sources */,
				40017F022918872300D93466 /* String+Extension.swift in Sources */,
				401C4AFD29495BB100754528 /* ListType.swift in Sources */,
				40017EEE2918508500D93466 /* UICollectionViewCell+Extension.swift in Sources */,
				40017F002918802D00D93466 /* MarvelColors.swift in Sources */,
				405D24E32968BB0C004B2057 /* UILabel+Extension.swift in Sources */,
				405D24E52968BDBC004B2057 /* URLResponseModel.swift in Sources */,
				403CC34D29678C1A00A14410 /* DetailsViewModel.swift in Sources */,
				4046576E29134357000F19FC /* ItemCardModel.swift in Sources */,
				4046575E29134223000F19FC /* HomePresenter.swift in Sources */,
				40017F05291887CE00D93466 /* CharactersResponseModel.swift in Sources */,
				405961192964DD2F005762C2 /* SeriesResponseModel.swift in Sources */,
				40017EEC29184EB400D93466 /* ItemCell.swift in Sources */,
				4009C9702968F7FF0053A50F /* ErrorCell.swift in Sources */,
				404656E129132D1A000F19FC /* AppDelegate.swift in Sources */,
				4046576229134245000F19FC /* HomeInteractor.swift in Sources */,
				40374BEE29526C30002FE3DE /* NetworkRequest.swift in Sources */,
				404657642913425D000F19FC /* HomeViewControllerFactory.swift in Sources */,
				40465770291345A2000F19FC /* UIView+Extension.swift in Sources */,
				4046577229134B6E000F19FC /* HomeView.swift in Sources */,
				40374BE7294D3395002FE3DE /* HorizontalCollectionView.swift in Sources */,
				4046576B2913432B000F19FC /* ItemCard.swift in Sources */,
				403CC345296634E300A14410 /* DetailsViewController.swift in Sources */,
				40D14A122956582700670A55 /* UITableViewCell+Extension.swift in Sources */,
				4059611B2964DF5B005762C2 /* ImageResponseModel.swift in Sources */,
				4046575C291337D8000F19FC /* HomeViewController.swift in Sources */,
				405A59EF291DD522001757B9 /* MarvelFonts.swift in Sources */,
				403CC347296634FA00A14410 /* DetailsViewControllerFactory.swift in Sources */,
				405961112964DCE4005762C2 /* ComicsResponseModel.swift in Sources */,
				40374BF02952793E002FE3DE /* SeeAllCell.swift in Sources */,
				40017EFE2918764A00D93466 /* HeaderViewModel.swift in Sources */,
				405D24E72968C8F7004B2057 /* ItemView.swift in Sources */,
				403CC35229679EF400A14410 /* ListView.swift in Sources */,
				40017EFA2918743A00D93466 /* UIImage+Extension.swift in Sources */,
				401C4AFA29495B6E00754528 /* HTTPMethod.swift in Sources */,
				4045568C291FE37400233BE8 /* UIImageView+Extension.swift in Sources */,
				4049BD3029259B1D00308EC3 /* NetworkError.swift in Sources */,
				40017EFC2918749200D93466 /* Optional+Extension.swift in Sources */,
				4046576029134230000F19FC /* HomeWorker.swift in Sources */,
				403CC34B2966351000A14410 /* DetailsPresenter.swift in Sources */,
				403CC34F296790B300A14410 /* ListResponseModel.swift in Sources */,
				403CC343296634D500A14410 /* DetailsView.swift in Sources */,
				403CC3412966347600A14410 /* DetailsCoordinatorProtocol.swift in Sources */,
				4009C96E2968EAB20053A50F /* LoadingCell.swift in Sources */,
				40465769291342D7000F19FC /* ApplicationCoordinator.swift in Sources */,
				405961132964DCF4005762C2 /* CreatorsResponseModel.swift in Sources */,
				405961172964DD16005762C2 /* EventsResponseModel.swift in Sources */,
				40017EF8291869C100D93466 /* HeaderView.swift in Sources */,
				404556902920344800233BE8 /* SceneDelegate.swift in Sources */,
			);
			runOnlyForDeploymentPostprocessing = 0;
		};
		404656EF29132D1C000F19FC /* Sources */ = {
			isa = PBXSourcesBuildPhase;
			buildActionMask = 2147483647;
			files = (
				404656F829132D1C000F19FC /* marvel_appTests.swift in Sources */,
			);
			runOnlyForDeploymentPostprocessing = 0;
		};
		404656F929132D1C000F19FC /* Sources */ = {
			isa = PBXSourcesBuildPhase;
			buildActionMask = 2147483647;
			files = (
				4046570229132D1C000F19FC /* marvel_appUITests.swift in Sources */,
				4046570429132D1C000F19FC /* marvel_appUITestsLaunchTests.swift in Sources */,
			);
			runOnlyForDeploymentPostprocessing = 0;
		};
/* End PBXSourcesBuildPhase section */

/* Begin PBXTargetDependency section */
		404656F529132D1C000F19FC /* PBXTargetDependency */ = {
			isa = PBXTargetDependency;
			target = 404656DC29132D1A000F19FC /* Marvel */;
			targetProxy = 404656F429132D1C000F19FC /* PBXContainerItemProxy */;
		};
		404656FF29132D1C000F19FC /* PBXTargetDependency */ = {
			isa = PBXTargetDependency;
			target = 404656DC29132D1A000F19FC /* Marvel */;
			targetProxy = 404656FE29132D1C000F19FC /* PBXContainerItemProxy */;
		};
/* End PBXTargetDependency section */

/* Begin PBXVariantGroup section */
		404656EB29132D1C000F19FC /* LaunchScreen.storyboard */ = {
			isa = PBXVariantGroup;
			children = (
				404656EC29132D1C000F19FC /* Base */,
			);
			name = LaunchScreen.storyboard;
			sourceTree = "<group>";
		};
/* End PBXVariantGroup section */

/* Begin XCBuildConfiguration section */
		4046570529132D1C000F19FC /* Debug */ = {
			isa = XCBuildConfiguration;
			buildSettings = {
				ALWAYS_SEARCH_USER_PATHS = NO;
				CLANG_ANALYZER_NONNULL = YES;
				CLANG_ANALYZER_NUMBER_OBJECT_CONVERSION = YES_AGGRESSIVE;
				CLANG_CXX_LANGUAGE_STANDARD = "gnu++20";
				CLANG_ENABLE_MODULES = YES;
				CLANG_ENABLE_OBJC_ARC = YES;
				CLANG_ENABLE_OBJC_WEAK = YES;
				CLANG_WARN_BLOCK_CAPTURE_AUTORELEASING = YES;
				CLANG_WARN_BOOL_CONVERSION = YES;
				CLANG_WARN_COMMA = YES;
				CLANG_WARN_CONSTANT_CONVERSION = YES;
				CLANG_WARN_DEPRECATED_OBJC_IMPLEMENTATIONS = YES;
				CLANG_WARN_DIRECT_OBJC_ISA_USAGE = YES_ERROR;
				CLANG_WARN_DOCUMENTATION_COMMENTS = YES;
				CLANG_WARN_EMPTY_BODY = YES;
				CLANG_WARN_ENUM_CONVERSION = YES;
				CLANG_WARN_INFINITE_RECURSION = YES;
				CLANG_WARN_INT_CONVERSION = YES;
				CLANG_WARN_NON_LITERAL_NULL_CONVERSION = YES;
				CLANG_WARN_OBJC_IMPLICIT_RETAIN_SELF = YES;
				CLANG_WARN_OBJC_LITERAL_CONVERSION = YES;
				CLANG_WARN_OBJC_ROOT_CLASS = YES_ERROR;
				CLANG_WARN_QUOTED_INCLUDE_IN_FRAMEWORK_HEADER = YES;
				CLANG_WARN_RANGE_LOOP_ANALYSIS = YES;
				CLANG_WARN_STRICT_PROTOTYPES = YES;
				CLANG_WARN_SUSPICIOUS_MOVE = YES;
				CLANG_WARN_UNGUARDED_AVAILABILITY = YES_AGGRESSIVE;
				CLANG_WARN_UNREACHABLE_CODE = YES;
				CLANG_WARN__DUPLICATE_METHOD_MATCH = YES;
				COPY_PHASE_STRIP = NO;
				DEBUG_INFORMATION_FORMAT = dwarf;
				ENABLE_STRICT_OBJC_MSGSEND = YES;
				ENABLE_TESTABILITY = YES;
				GCC_C_LANGUAGE_STANDARD = gnu11;
				GCC_DYNAMIC_NO_PIC = NO;
				GCC_NO_COMMON_BLOCKS = YES;
				GCC_OPTIMIZATION_LEVEL = 0;
				GCC_PREPROCESSOR_DEFINITIONS = (
					"DEBUG=1",
					"$(inherited)",
				);
				GCC_WARN_64_TO_32_BIT_CONVERSION = YES;
				GCC_WARN_ABOUT_RETURN_TYPE = YES_ERROR;
				GCC_WARN_UNDECLARED_SELECTOR = YES;
				GCC_WARN_UNINITIALIZED_AUTOS = YES_AGGRESSIVE;
				GCC_WARN_UNUSED_FUNCTION = YES;
				GCC_WARN_UNUSED_VARIABLE = YES;
				IPHONEOS_DEPLOYMENT_TARGET = 16.0;
				MTL_ENABLE_DEBUG_INFO = INCLUDE_SOURCE;
				MTL_FAST_MATH = YES;
				ONLY_ACTIVE_ARCH = YES;
				SDKROOT = iphoneos;
				SWIFT_ACTIVE_COMPILATION_CONDITIONS = DEBUG;
				SWIFT_OPTIMIZATION_LEVEL = "-Onone";
			};
			name = Debug;
		};
		4046570629132D1C000F19FC /* Release */ = {
			isa = XCBuildConfiguration;
			buildSettings = {
				ALWAYS_SEARCH_USER_PATHS = NO;
				CLANG_ANALYZER_NONNULL = YES;
				CLANG_ANALYZER_NUMBER_OBJECT_CONVERSION = YES_AGGRESSIVE;
				CLANG_CXX_LANGUAGE_STANDARD = "gnu++20";
				CLANG_ENABLE_MODULES = YES;
				CLANG_ENABLE_OBJC_ARC = YES;
				CLANG_ENABLE_OBJC_WEAK = YES;
				CLANG_WARN_BLOCK_CAPTURE_AUTORELEASING = YES;
				CLANG_WARN_BOOL_CONVERSION = YES;
				CLANG_WARN_COMMA = YES;
				CLANG_WARN_CONSTANT_CONVERSION = YES;
				CLANG_WARN_DEPRECATED_OBJC_IMPLEMENTATIONS = YES;
				CLANG_WARN_DIRECT_OBJC_ISA_USAGE = YES_ERROR;
				CLANG_WARN_DOCUMENTATION_COMMENTS = YES;
				CLANG_WARN_EMPTY_BODY = YES;
				CLANG_WARN_ENUM_CONVERSION = YES;
				CLANG_WARN_INFINITE_RECURSION = YES;
				CLANG_WARN_INT_CONVERSION = YES;
				CLANG_WARN_NON_LITERAL_NULL_CONVERSION = YES;
				CLANG_WARN_OBJC_IMPLICIT_RETAIN_SELF = YES;
				CLANG_WARN_OBJC_LITERAL_CONVERSION = YES;
				CLANG_WARN_OBJC_ROOT_CLASS = YES_ERROR;
				CLANG_WARN_QUOTED_INCLUDE_IN_FRAMEWORK_HEADER = YES;
				CLANG_WARN_RANGE_LOOP_ANALYSIS = YES;
				CLANG_WARN_STRICT_PROTOTYPES = YES;
				CLANG_WARN_SUSPICIOUS_MOVE = YES;
				CLANG_WARN_UNGUARDED_AVAILABILITY = YES_AGGRESSIVE;
				CLANG_WARN_UNREACHABLE_CODE = YES;
				CLANG_WARN__DUPLICATE_METHOD_MATCH = YES;
				COPY_PHASE_STRIP = NO;
				DEBUG_INFORMATION_FORMAT = "dwarf-with-dsym";
				ENABLE_NS_ASSERTIONS = NO;
				ENABLE_STRICT_OBJC_MSGSEND = YES;
				GCC_C_LANGUAGE_STANDARD = gnu11;
				GCC_NO_COMMON_BLOCKS = YES;
				GCC_WARN_64_TO_32_BIT_CONVERSION = YES;
				GCC_WARN_ABOUT_RETURN_TYPE = YES_ERROR;
				GCC_WARN_UNDECLARED_SELECTOR = YES;
				GCC_WARN_UNINITIALIZED_AUTOS = YES_AGGRESSIVE;
				GCC_WARN_UNUSED_FUNCTION = YES;
				GCC_WARN_UNUSED_VARIABLE = YES;
				IPHONEOS_DEPLOYMENT_TARGET = 16.0;
				MTL_ENABLE_DEBUG_INFO = NO;
				MTL_FAST_MATH = YES;
				SDKROOT = iphoneos;
				SWIFT_COMPILATION_MODE = wholemodule;
				SWIFT_OPTIMIZATION_LEVEL = "-O";
				VALIDATE_PRODUCT = YES;
			};
			name = Release;
		};
		4046570829132D1C000F19FC /* Debug */ = {
			isa = XCBuildConfiguration;
			buildSettings = {
				ASSETCATALOG_COMPILER_APPICON_NAME = AppIcon;
				ASSETCATALOG_COMPILER_GLOBAL_ACCENT_COLOR_NAME = AccentColor;
				CODE_SIGN_STYLE = Automatic;
				CURRENT_PROJECT_VERSION = 1;
				DEVELOPMENT_TEAM = 89J89H36LM;
				GENERATE_INFOPLIST_FILE = YES;
				INFOPLIST_FILE = "marvel-app/Info.plist";
				INFOPLIST_KEY_UIApplicationSupportsIndirectInputEvents = YES;
				INFOPLIST_KEY_UILaunchStoryboardName = LaunchScreen;
				INFOPLIST_KEY_UIRequiresFullScreen = NO;
				INFOPLIST_KEY_UISupportedInterfaceOrientations_iPad = "UIInterfaceOrientationPortrait UIInterfaceOrientationPortraitUpsideDown UIInterfaceOrientationLandscapeLeft UIInterfaceOrientationLandscapeRight";
				INFOPLIST_KEY_UISupportedInterfaceOrientations_iPhone = "UIInterfaceOrientationPortrait UIInterfaceOrientationLandscapeLeft UIInterfaceOrientationLandscapeRight";
				IPHONEOS_DEPLOYMENT_TARGET = 13.0;
				LD_RUNPATH_SEARCH_PATHS = (
					"$(inherited)",
					"@executable_path/Frameworks",
				);
				MARKETING_VERSION = 1.0;
				PRODUCT_BUNDLE_IDENTIFIER = "com.eeichholz.marvel-app";
				PRODUCT_NAME = "$(TARGET_NAME)";
				SWIFT_EMIT_LOC_STRINGS = YES;
				SWIFT_VERSION = 5.0;
				TARGETED_DEVICE_FAMILY = "1,2";
			};
			name = Debug;
		};
		4046570929132D1C000F19FC /* Release */ = {
			isa = XCBuildConfiguration;
			buildSettings = {
				ASSETCATALOG_COMPILER_APPICON_NAME = AppIcon;
				ASSETCATALOG_COMPILER_GLOBAL_ACCENT_COLOR_NAME = AccentColor;
				CODE_SIGN_STYLE = Automatic;
				CURRENT_PROJECT_VERSION = 1;
				DEVELOPMENT_TEAM = 89J89H36LM;
				GENERATE_INFOPLIST_FILE = YES;
				INFOPLIST_FILE = "marvel-app/Info.plist";
				INFOPLIST_KEY_UIApplicationSupportsIndirectInputEvents = YES;
				INFOPLIST_KEY_UILaunchStoryboardName = LaunchScreen;
				INFOPLIST_KEY_UIRequiresFullScreen = NO;
				INFOPLIST_KEY_UISupportedInterfaceOrientations_iPad = "UIInterfaceOrientationPortrait UIInterfaceOrientationPortraitUpsideDown UIInterfaceOrientationLandscapeLeft UIInterfaceOrientationLandscapeRight";
				INFOPLIST_KEY_UISupportedInterfaceOrientations_iPhone = "UIInterfaceOrientationPortrait UIInterfaceOrientationLandscapeLeft UIInterfaceOrientationLandscapeRight";
				IPHONEOS_DEPLOYMENT_TARGET = 13.0;
				LD_RUNPATH_SEARCH_PATHS = (
					"$(inherited)",
					"@executable_path/Frameworks",
				);
				MARKETING_VERSION = 1.0;
				PRODUCT_BUNDLE_IDENTIFIER = "com.eeichholz.marvel-app";
				PRODUCT_NAME = "$(TARGET_NAME)";
				SWIFT_EMIT_LOC_STRINGS = YES;
				SWIFT_VERSION = 5.0;
				TARGETED_DEVICE_FAMILY = "1,2";
			};
			name = Release;
		};
		4046570B29132D1C000F19FC /* Debug */ = {
			isa = XCBuildConfiguration;
			buildSettings = {
				ALWAYS_EMBED_SWIFT_STANDARD_LIBRARIES = YES;
				BUNDLE_LOADER = "$(TEST_HOST)";
				CODE_SIGN_STYLE = Automatic;
				CURRENT_PROJECT_VERSION = 1;
				DEVELOPMENT_TEAM = 89J89H36LM;
				GENERATE_INFOPLIST_FILE = YES;
				IPHONEOS_DEPLOYMENT_TARGET = 16.0;
				MARKETING_VERSION = 1.0;
				PRODUCT_BUNDLE_IDENTIFIER = "com.eeichholz.marvel-appTests";
				PRODUCT_NAME = "$(TARGET_NAME)";
				SWIFT_EMIT_LOC_STRINGS = NO;
				SWIFT_VERSION = 5.0;
				TARGETED_DEVICE_FAMILY = "1,2";
				TEST_HOST = "$(BUILT_PRODUCTS_DIR)/marvel-app.app/$(BUNDLE_EXECUTABLE_FOLDER_PATH)/marvel-app";
			};
			name = Debug;
		};
		4046570C29132D1C000F19FC /* Release */ = {
			isa = XCBuildConfiguration;
			buildSettings = {
				ALWAYS_EMBED_SWIFT_STANDARD_LIBRARIES = YES;
				BUNDLE_LOADER = "$(TEST_HOST)";
				CODE_SIGN_STYLE = Automatic;
				CURRENT_PROJECT_VERSION = 1;
				DEVELOPMENT_TEAM = 89J89H36LM;
				GENERATE_INFOPLIST_FILE = YES;
				IPHONEOS_DEPLOYMENT_TARGET = 16.0;
				MARKETING_VERSION = 1.0;
				PRODUCT_BUNDLE_IDENTIFIER = "com.eeichholz.marvel-appTests";
				PRODUCT_NAME = "$(TARGET_NAME)";
				SWIFT_EMIT_LOC_STRINGS = NO;
				SWIFT_VERSION = 5.0;
				TARGETED_DEVICE_FAMILY = "1,2";
				TEST_HOST = "$(BUILT_PRODUCTS_DIR)/marvel-app.app/$(BUNDLE_EXECUTABLE_FOLDER_PATH)/marvel-app";
			};
			name = Release;
		};
		4046570E29132D1C000F19FC /* Debug */ = {
			isa = XCBuildConfiguration;
			buildSettings = {
				ALWAYS_EMBED_SWIFT_STANDARD_LIBRARIES = YES;
				CODE_SIGN_STYLE = Automatic;
				CURRENT_PROJECT_VERSION = 1;
				DEVELOPMENT_TEAM = 89J89H36LM;
				GENERATE_INFOPLIST_FILE = YES;
				MARKETING_VERSION = 1.0;
				PRODUCT_BUNDLE_IDENTIFIER = "com.eeichholz.marvel-appUITests";
				PRODUCT_NAME = "$(TARGET_NAME)";
				SWIFT_EMIT_LOC_STRINGS = NO;
				SWIFT_VERSION = 5.0;
				TARGETED_DEVICE_FAMILY = "1,2";
				TEST_TARGET_NAME = "marvel-app";
			};
			name = Debug;
		};
		4046570F29132D1C000F19FC /* Release */ = {
			isa = XCBuildConfiguration;
			buildSettings = {
				ALWAYS_EMBED_SWIFT_STANDARD_LIBRARIES = YES;
				CODE_SIGN_STYLE = Automatic;
				CURRENT_PROJECT_VERSION = 1;
				DEVELOPMENT_TEAM = 89J89H36LM;
				GENERATE_INFOPLIST_FILE = YES;
				MARKETING_VERSION = 1.0;
				PRODUCT_BUNDLE_IDENTIFIER = "com.eeichholz.marvel-appUITests";
				PRODUCT_NAME = "$(TARGET_NAME)";
				SWIFT_EMIT_LOC_STRINGS = NO;
				SWIFT_VERSION = 5.0;
				TARGETED_DEVICE_FAMILY = "1,2";
				TEST_TARGET_NAME = "marvel-app";
			};
			name = Release;
		};
/* End XCBuildConfiguration section */

/* Begin XCConfigurationList section */
		404656D829132D1A000F19FC /* Build configuration list for PBXProject "MarvelApp" */ = {
			isa = XCConfigurationList;
			buildConfigurations = (
				4046570529132D1C000F19FC /* Debug */,
				4046570629132D1C000F19FC /* Release */,
			);
			defaultConfigurationIsVisible = 0;
			defaultConfigurationName = Release;
		};
		4046570729132D1C000F19FC /* Build configuration list for PBXNativeTarget "Marvel" */ = {
			isa = XCConfigurationList;
			buildConfigurations = (
				4046570829132D1C000F19FC /* Debug */,
				4046570929132D1C000F19FC /* Release */,
			);
			defaultConfigurationIsVisible = 0;
			defaultConfigurationName = Release;
		};
		4046570A29132D1C000F19FC /* Build configuration list for PBXNativeTarget "marvel-appTests" */ = {
			isa = XCConfigurationList;
			buildConfigurations = (
				4046570B29132D1C000F19FC /* Debug */,
				4046570C29132D1C000F19FC /* Release */,
			);
			defaultConfigurationIsVisible = 0;
			defaultConfigurationName = Release;
		};
		4046570D29132D1C000F19FC /* Build configuration list for PBXNativeTarget "marvel-appUITests" */ = {
			isa = XCConfigurationList;
			buildConfigurations = (
				4046570E29132D1C000F19FC /* Debug */,
				4046570F29132D1C000F19FC /* Release */,
			);
			defaultConfigurationIsVisible = 0;
			defaultConfigurationName = Release;
		};
/* End XCConfigurationList section */
	};
	rootObject = 404656D529132D1A000F19FC /* Project object */;
}
